
Microsoft Visual Studio Solution File, Format Version 12.00
# Visual Studio Version 17
VisualStudioVersion = 17.0.31903.59
MinimumVisualStudioVersion = 10.0.40219.1
Project("{2150E333-8FDC-42A3-9474-1A3956D46DE8}") = "src", "src", "{827E0CD3-B72D-47B6-A68D-7590B98EB39B}"
EndProject
Project("{2150E333-8FDC-42A3-9474-1A3956D46DE8}") = "Shared", "Shared", "{C8E42992-5E42-0C2B-DBFE-AA848D06431C}"
EndProject
Project("{FAE04EC0-301F-11D3-BF4B-00C04F79EFBC}") = "StockFlow.Shared", "src\Shared\StockFlow.Shared\StockFlow.Shared.csproj", "{BB0E4F31-52FD-4780-A828-A7E8AD6A13DE}"
EndProject
Project("{FAE04EC0-301F-11D3-BF4B-00C04F79EFBC}") = "StockFlow.Contracts", "src\Shared\StockFlow.Contracts\StockFlow.Contracts.csproj", "{42C042CC-5363-4DA3-9B15-767202BD898C}"
EndProject
Project("{FAE04EC0-301F-11D3-BF4B-00C04F79EFBC}") = "Gateway", "src\Gateway\Gateway.csproj", "{B9FF6190-62E7-4E2C-AAF2-F011313FCDE4}"
EndProject
Project("{2150E333-8FDC-42A3-9474-1A3956D46DE8}") = "Services", "Services", "{984BB9B3-3FA3-BE33-9484-CAC21695A33C}"
EndProject
Project("{FAE04EC0-301F-11D3-BF4B-00C04F79EFBC}") = "ProductService", "src\Services\ProductService\ProductService.csproj", "{B8DF1CFB-C907-4F57-9F8C-B26F6989C329}"
EndProject
Project("{FAE04EC0-301F-11D3-BF4B-00C04F79EFBC}") = "OrderService", "src\Services\OrderService\OrderService.csproj", "{9987CDE8-1F9A-44A2-BF6A-397AC27E89EC}"
EndProject
Project("{FAE04EC0-301F-11D3-BF4B-00C04F79EFBC}") = "NotificationService", "src\Services\NotificationService\NotificationService.csproj", "{4C2371BC-8402-4255-B985-52D695AA5597}"
EndProject
Project("{2150E333-8FDC-42A3-9474-1A3956D46DE8}") = "tests", "tests", "{0AB3BF05-4346-4AA6-1389-037BE0695223}"
EndProject
Project("{FAE04EC0-301F-11D3-BF4B-00C04F79EFBC}") = "ProductService.Tests", "tests\ProductService.Tests\ProductService.Tests.csproj", "{747186E6-669E-4A08-86F1-A58BF57437EC}"
EndProject
Project("{FAE04EC0-301F-11D3-BF4B-00C04F79EFBC}") = "OrderService.Tests", "tests\OrderService.Tests\OrderService.Tests.csproj", "{180CCE79-7685-49E3-8725-04586950C8F4}"
EndProject
Global
	GlobalSection(SolutionConfigurationPlatforms) = preSolution
		Debug|Any CPU = Debug|Any CPU
		Debug|x64 = Debug|x64
		Debug|x86 = Debug|x86
		Release|Any CPU = Release|Any CPU
		Release|x64 = Release|x64
		Release|x86 = Release|x86
	EndGlobalSection
	GlobalSection(ProjectConfigurationPlatforms) = postSolution
		{BB0E4F31-52FD-4780-A828-A7E8AD6A13DE}.Debug|Any CPU.ActiveCfg = Debug|Any CPU
		{BB0E4F31-52FD-4780-A828-A7E8AD6A13DE}.Debug|Any CPU.Build.0 = Debug|Any CPU
		{BB0E4F31-52FD-4780-A828-A7E8AD6A13DE}.Debug|x64.ActiveCfg = Debug|Any CPU
		{BB0E4F31-52FD-4780-A828-A7E8AD6A13DE}.Debug|x64.Build.0 = Debug|Any CPU
		{BB0E4F31-52FD-4780-A828-A7E8AD6A13DE}.Debug|x86.ActiveCfg = Debug|Any CPU
		{BB0E4F31-52FD-4780-A828-A7E8AD6A13DE}.Debug|x86.Build.0 = Debug|Any CPU
		{BB0E4F31-52FD-4780-A828-A7E8AD6A13DE}.Release|Any CPU.ActiveCfg = Release|Any CPU
		{BB0E4F31-52FD-4780-A828-A7E8AD6A13DE}.Release|Any CPU.Build.0 = Release|Any CPU
		{BB0E4F31-52FD-4780-A828-A7E8AD6A13DE}.Release|x64.ActiveCfg = Release|Any CPU
		{BB0E4F31-52FD-4780-A828-A7E8AD6A13DE}.Release|x64.Build.0 = Release|Any CPU
		{BB0E4F31-52FD-4780-A828-A7E8AD6A13DE}.Release|x86.ActiveCfg = Release|Any CPU
		{BB0E4F31-52FD-4780-A828-A7E8AD6A13DE}.Release|x86.Build.0 = Release|Any CPU
		{42C042CC-5363-4DA3-9B15-767202BD898C}.Debug|Any CPU.ActiveCfg = Debug|Any CPU
		{42C042CC-5363-4DA3-9B15-767202BD898C}.Debug|Any CPU.Build.0 = Debug|Any CPU
		{42C042CC-5363-4DA3-9B15-767202BD898C}.Debug|x64.ActiveCfg = Debug|Any CPU
		{42C042CC-5363-4DA3-9B15-767202BD898C}.Debug|x64.Build.0 = Debug|Any CPU
		{42C042CC-5363-4DA3-9B15-767202BD898C}.Debug|x86.ActiveCfg = Debug|Any CPU
		{42C042CC-5363-4DA3-9B15-767202BD898C}.Debug|x86.Build.0 = Debug|Any CPU
		{42C042CC-5363-4DA3-9B15-767202BD898C}.Release|Any CPU.ActiveCfg = Release|Any CPU
		{42C042CC-5363-4DA3-9B15-767202BD898C}.Release|Any CPU.Build.0 = Release|Any CPU
		{42C042CC-5363-4DA3-9B15-767202BD898C}.Release|x64.ActiveCfg = Release|Any CPU
		{42C042CC-5363-4DA3-9B15-767202BD898C}.Release|x64.Build.0 = Release|Any CPU
		{42C042CC-5363-4DA3-9B15-767202BD898C}.Release|x86.ActiveCfg = Release|Any CPU
		{42C042CC-5363-4DA3-9B15-767202BD898C}.Release|x86.Build.0 = Release|Any CPU
		{B9FF6190-62E7-4E2C-AAF2-F011313FCDE4}.Debug|Any CPU.ActiveCfg = Debug|Any CPU
		{B9FF6190-62E7-4E2C-AAF2-F011313FCDE4}.Debug|Any CPU.Build.0 = Debug|Any CPU
		{B9FF6190-62E7-4E2C-AAF2-F011313FCDE4}.Debug|x64.ActiveCfg = Debug|Any CPU
		{B9FF6190-62E7-4E2C-AAF2-F011313FCDE4}.Debug|x64.Build.0 = Debug|Any CPU
		{B9FF6190-62E7-4E2C-AAF2-F011313FCDE4}.Debug|x86.ActiveCfg = Debug|Any CPU
		{B9FF6190-62E7-4E2C-AAF2-F011313FCDE4}.Debug|x86.Build.0 = Debug|Any CPU
		{B9FF6190-62E7-4E2C-AAF2-F011313FCDE4}.Release|Any CPU.ActiveCfg = Release|Any CPU
		{B9FF6190-62E7-4E2C-AAF2-F011313FCDE4}.Release|Any CPU.Build.0 = Release|Any CPU
		{B9FF6190-62E7-4E2C-AAF2-F011313FCDE4}.Release|x64.ActiveCfg = Release|Any CPU
		{B9FF6190-62E7-4E2C-AAF2-F011313FCDE4}.Release|x64.Build.0 = Release|Any CPU
		{B9FF6190-62E7-4E2C-AAF2-F011313FCDE4}.Release|x86.ActiveCfg = Release|Any CPU
		{B9FF6190-62E7-4E2C-AAF2-F011313FCDE4}.Release|x86.Build.0 = Release|Any CPU
		{B8DF1CFB-C907-4F57-9F8C-B26F6989C329}.Debug|Any CPU.ActiveCfg = Debug|Any CPU
		{B8DF1CFB-C907-4F57-9F8C-B26F6989C329}.Debug|Any CPU.Build.0 = Debug|Any CPU
		{B8DF1CFB-C907-4F57-9F8C-B26F6989C329}.Debug|x64.ActiveCfg = Debug|Any CPU
		{B8DF1CFB-C907-4F57-9F8C-B26F6989C329}.Debug|x64.Build.0 = Debug|Any CPU
		{B8DF1CFB-C907-4F57-9F8C-B26F6989C329}.Debug|x86.ActiveCfg = Debug|Any CPU
		{B8DF1CFB-C907-4F57-9F8C-B26F6989C329}.Debug|x86.Build.0 = Debug|Any CPU
		{B8DF1CFB-C907-4F57-9F8C-B26F6989C329}.Release|Any CPU.ActiveCfg = Release|Any CPU
		{B8DF1CFB-C907-4F57-9F8C-B26F6989C329}.Release|Any CPU.Build.0 = Release|Any CPU
		{B8DF1CFB-C907-4F57-9F8C-B26F6989C329}.Release|x64.ActiveCfg = Release|Any CPU
		{B8DF1CFB-C907-4F57-9F8C-B26F6989C329}.Release|x64.Build.0 = Release|Any CPU
		{B8DF1CFB-C907-4F57-9F8C-B26F6989C329}.Release|x86.ActiveCfg = Release|Any CPU
		{B8DF1CFB-C907-4F57-9F8C-B26F6989C329}.Release|x86.Build.0 = Release|Any CPU
		{9987CDE8-1F9A-44A2-BF6A-397AC27E89EC}.Debug|Any CPU.ActiveCfg = Debug|Any CPU
		{9987CDE8-1F9A-44A2-BF6A-397AC27E89EC}.Debug|Any CPU.Build.0 = Debug|Any CPU
		{9987CDE8-1F9A-44A2-BF6A-397AC27E89EC}.Debug|x64.ActiveCfg = Debug|Any CPU
		{9987CDE8-1F9A-44A2-BF6A-397AC27E89EC}.Debug|x64.Build.0 = Debug|Any CPU
		{9987CDE8-1F9A-44A2-BF6A-397AC27E89EC}.Debug|x86.ActiveCfg = Debug|Any CPU
		{9987CDE8-1F9A-44A2-BF6A-397AC27E89EC}.Debug|x86.Build.0 = Debug|Any CPU
		{9987CDE8-1F9A-44A2-BF6A-397AC27E89EC}.Release|Any CPU.ActiveCfg = Release|Any CPU
		{9987CDE8-1F9A-44A2-BF6A-397AC27E89EC}.Release|Any CPU.Build.0 = Release|Any CPU
		{9987CDE8-1F9A-44A2-BF6A-397AC27E89EC}.Release|x64.ActiveCfg = Release|Any CPU
		{9987CDE8-1F9A-44A2-BF6A-397AC27E89EC}.Release|x64.Build.0 = Release|Any CPU
		{9987CDE8-1F9A-44A2-BF6A-397AC27E89EC}.Release|x86.ActiveCfg = Release|Any CPU
		{9987CDE8-1F9A-44A2-BF6A-397AC27E89EC}.Release|x86.Build.0 = Release|Any CPU
		{4C2371BC-8402-4255-B985-52D695AA5597}.Debug|Any CPU.ActiveCfg = Debug|Any CPU
		{4C2371BC-8402-4255-B985-52D695AA5597}.Debug|Any CPU.Build.0 = Debug|Any CPU
		{4C2371BC-8402-4255-B985-52D695AA5597}.Debug|x64.ActiveCfg = Debug|Any CPU
		{4C2371BC-8402-4255-B985-52D695AA5597}.Debug|x64.Build.0 = Debug|Any CPU
		{4C2371BC-8402-4255-B985-52D695AA5597}.Debug|x86.ActiveCfg = Debug|Any CPU
		{4C2371BC-8402-4255-B985-52D695AA5597}.Debug|x86.Build.0 = Debug|Any CPU
		{4C2371BC-8402-4255-B985-52D695AA5597}.Release|Any CPU.ActiveCfg = Release|Any CPU
		{4C2371BC-8402-4255-B985-52D695AA5597}.Release|Any CPU.Build.0 = Release|Any CPU
		{4C2371BC-8402-4255-B985-52D695AA5597}.Release|x64.ActiveCfg = Release|Any CPU
		{4C2371BC-8402-4255-B985-52D695AA5597}.Release|x64.Build.0 = Release|Any CPU
		{4C2371BC-8402-4255-B985-52D695AA5597}.Release|x86.ActiveCfg = Release|Any CPU
		{4C2371BC-8402-4255-B985-52D695AA5597}.Release|x86.Build.0 = Release|Any CPU
		{747186E6-669E-4A08-86F1-A58BF57437EC}.Debug|Any CPU.ActiveCfg = Debug|Any CPU
		{747186E6-669E-4A08-86F1-A58BF57437EC}.Debug|Any CPU.Build.0 = Debug|Any CPU
		{747186E6-669E-4A08-86F1-A58BF57437EC}.Debug|x64.ActiveCfg = Debug|Any CPU
		{747186E6-669E-4A08-86F1-A58BF57437EC}.Debug|x64.Build.0 = Debug|Any CPU
		{747186E6-669E-4A08-86F1-A58BF57437EC}.Debug|x86.ActiveCfg = Debug|Any CPU
		{747186E6-669E-4A08-86F1-A58BF57437EC}.Debug|x86.Build.0 = Debug|Any CPU
		{747186E6-669E-4A08-86F1-A58BF57437EC}.Release|Any CPU.ActiveCfg = Release|Any CPU
		{747186E6-669E-4A08-86F1-A58BF57437EC}.Release|Any CPU.Build.0 = Release|Any CPU
		{747186E6-669E-4A08-86F1-A58BF57437EC}.Release|x64.ActiveCfg = Release|Any CPU
		{747186E6-669E-4A08-86F1-A58BF57437EC}.Release|x64.Build.0 = Release|Any CPU
		{747186E6-669E-4A08-86F1-A58BF57437EC}.Release|x86.ActiveCfg = Release|Any CPU
		{747186E6-669E-4A08-86F1-A58BF57437EC}.Release|x86.Build.0 = Release|Any CPU
		{180CCE79-7685-49E3-8725-04586950C8F4}.Debug|Any CPU.ActiveCfg = Debug|Any CPU
		{180CCE79-7685-49E3-8725-04586950C8F4}.Debug|Any CPU.Build.0 = Debug|Any CPU
		{180CCE79-7685-49E3-8725-04586950C8F4}.Debug|x64.ActiveCfg = Debug|Any CPU
		{180CCE79-7685-49E3-8725-04586950C8F4}.Debug|x64.Build.0 = Debug|Any CPU
		{180CCE79-7685-49E3-8725-04586950C8F4}.Debug|x86.ActiveCfg = Debug|Any CPU
		{180CCE79-7685-49E3-8725-04586950C8F4}.Debug|x86.Build.0 = Debug|Any CPU
		{180CCE79-7685-49E3-8725-04586950C8F4}.Release|Any CPU.ActiveCfg = Release|Any CPU
		{180CCE79-7685-49E3-8725-04586950C8F4}.Release|Any CPU.Build.0 = Release|Any CPU
		{180CCE79-7685-49E3-8725-04586950C8F4}.Release|x64.ActiveCfg = Release|Any CPU
		{180CCE79-7685-49E3-8725-04586950C8F4}.Release|x64.Build.0 = Release|Any CPU
		{180CCE79-7685-49E3-8725-04586950C8F4}.Release|x86.ActiveCfg = Release|Any CPU
		{180CCE79-7685-49E3-8725-04586950C8F4}.Release|x86.Build.0 = Release|Any CPU
	EndGlobalSection
	GlobalSection(SolutionProperties) = preSolution
		HideSolutionNode = FALSE
	EndGlobalSection
	GlobalSection(NestedProjects) = preSolution
		{C8E42992-5E42-0C2B-DBFE-AA848D06431C} = {827E0CD3-B72D-47B6-A68D-7590B98EB39B}
		{BB0E4F31-52FD-4780-A828-A7E8AD6A13DE} = {C8E42992-5E42-0C2B-DBFE-AA848D06431C}
		{42C042CC-5363-4DA3-9B15-767202BD898C} = {C8E42992-5E42-0C2B-DBFE-AA848D06431C}
		{B9FF6190-62E7-4E2C-AAF2-F011313FCDE4} = {827E0CD3-B72D-47B6-A68D-7590B98EB39B}
		{984BB9B3-3FA3-BE33-9484-CAC21695A33C} = {827E0CD3-B72D-47B6-A68D-7590B98EB39B}
		{B8DF1CFB-C907-4F57-9F8C-B26F6989C329} = {984BB9B3-3FA3-BE33-9484-CAC21695A33C}
		{9987CDE8-1F9A-44A2-BF6A-397AC27E89EC} = {984BB9B3-3FA3-BE33-9484-CAC21695A33C}
		{4C2371BC-8402-4255-B985-52D695AA5597} = {984BB9B3-3FA3-BE33-9484-CAC21695A33C}
		{747186E6-669E-4A08-86F1-A58BF57437EC} = {0AB3BF05-4346-4AA6-1389-037BE0695223}
		{180CCE79-7685-49E3-8725-04586950C8F4} = {0AB3BF05-4346-4AA6-1389-037BE0695223}
	EndGlobalSection
EndGlobal
